// !$*UTF8*$!
{
	archiveVersion = 1;
	classes = {
	};
	objectVersion = 48;
	objects = {

/* Begin PBXBuildFile section */
		6541FE35203001F50094D8EE /* Placement_Net.cpp in Sources */ = {isa = PBXBuildFile; fileRef = 6541FE2C203001F40094D8EE /* Placement_Net.cpp */; };
		6541FE36203001F50094D8EE /* graphics.cpp in Sources */ = {isa = PBXBuildFile; fileRef = 6541FE2D203001F40094D8EE /* graphics.cpp */; };
		6541FE37203001F50094D8EE /* Net.cpp in Sources */ = {isa = PBXBuildFile; fileRef = 6541FE30203001F40094D8EE /* Net.cpp */; };
		6541FE38203001F50094D8EE /* Grids.cpp in Sources */ = {isa = PBXBuildFile; fileRef = 6541FE31203001F50094D8EE /* Grids.cpp */; };
		6541FE39203001F50094D8EE /* 583A2.cpp in Sources */ = {isa = PBXBuildFile; fileRef = 6541FE33203001F50094D8EE /* 583A2.cpp */; };
/* End PBXBuildFile section */

/* Begin PBXCopyFilesBuildPhase section */
		6541FE1F203001AF0094D8EE /* CopyFiles */ = {
			isa = PBXCopyFilesBuildPhase;
			buildActionMask = 2147483647;
			dstPath = /usr/share/man/man1/;
			dstSubfolderSpec = 0;
			files = (
			);
			runOnlyForDeploymentPostprocessing = 1;
		};
/* End PBXCopyFilesBuildPhase section */

/* Begin PBXFileReference section */
		6541FE21203001AF0094D8EE /* 583A2 */ = {isa = PBXFileReference; explicitFileType = "compiled.mach-o.executable"; includeInIndex = 0; path = 583A2; sourceTree = BUILT_PRODUCTS_DIR; };
		6541FE2B203001F40094D8EE /* Placement_Net.hpp */ = {isa = PBXFileReference; fileEncoding = 4; lastKnownFileType = sourcecode.cpp.h; path = Placement_Net.hpp; sourceTree = "<group>"; };
		6541FE2C203001F40094D8EE /* Placement_Net.cpp */ = {isa = PBXFileReference; fileEncoding = 4; lastKnownFileType = sourcecode.cpp.cpp; path = Placement_Net.cpp; sourceTree = "<group>"; };
		6541FE2D203001F40094D8EE /* graphics.cpp */ = {isa = PBXFileReference; fileEncoding = 4; lastKnownFileType = sourcecode.cpp.cpp; path = graphics.cpp; sourceTree = "<group>"; };
		6541FE2E203001F40094D8EE /* graphics.h */ = {isa = PBXFileReference; fileEncoding = 4; lastKnownFileType = sourcecode.c.h; path = graphics.h; sourceTree = "<group>"; };
		6541FE2F203001F40094D8EE /* easygl_constants.h */ = {isa = PBXFileReference; fileEncoding = 4; lastKnownFileType = sourcecode.c.h; path = easygl_constants.h; sourceTree = "<group>"; };
		6541FE30203001F40094D8EE /* Net.cpp */ = {isa = PBXFileReference; fileEncoding = 4; lastKnownFileType = sourcecode.cpp.cpp; path = Net.cpp; sourceTree = "<group>"; };
		6541FE31203001F50094D8EE /* Grids.cpp */ = {isa = PBXFileReference; fileEncoding = 4; lastKnownFileType = sourcecode.cpp.cpp; path = Grids.cpp; sourceTree = "<group>"; };
		6541FE32203001F50094D8EE /* Grids.hpp */ = {isa = PBXFileReference; fileEncoding = 4; lastKnownFileType = sourcecode.cpp.h; path = Grids.hpp; sourceTree = "<group>"; };
		6541FE33203001F50094D8EE /* 583A2.cpp */ = {isa = PBXFileReference; fileEncoding = 4; lastKnownFileType = sourcecode.cpp.cpp; path = 583A2.cpp; sourceTree = "<group>"; };
		6541FE34203001F50094D8EE /* Net.hpp */ = {isa = PBXFileReference; fileEncoding = 4; lastKnownFileType = sourcecode.cpp.h; path = Net.hpp; sourceTree = "<group>"; };
/* End PBXFileReference section */

/* Begin PBXFrameworksBuildPhase section */
		6541FE1E203001AF0094D8EE /* Frameworks */ = {
			isa = PBXFrameworksBuildPhase;
			buildActionMask = 2147483647;
			files = (
			);
			runOnlyForDeploymentPostprocessing = 0;
		};
/* End PBXFrameworksBuildPhase section */

/* Begin PBXGroup section */
		6541FE18203001AF0094D8EE = {
			isa = PBXGroup;
			children = (
				6541FE23203001AF0094D8EE /* 583A2 */,
				6541FE22203001AF0094D8EE /* Products */,
			);
			sourceTree = "<group>";
		};
		6541FE22203001AF0094D8EE /* Products */ = {
			isa = PBXGroup;
			children = (
				6541FE21203001AF0094D8EE /* 583A2 */,
			);
			name = Products;
			sourceTree = "<group>";
		};
		6541FE23203001AF0094D8EE /* 583A2 */ = {
			isa = PBXGroup;
			children = (
				6541FE33203001F50094D8EE /* 583A2.cpp */,
				6541FE31203001F50094D8EE /* Grids.cpp */,
				6541FE32203001F50094D8EE /* Grids.hpp */,
				6541FE30203001F40094D8EE /* Net.cpp */,
				6541FE34203001F50094D8EE /* Net.hpp */,
				6541FE2C203001F40094D8EE /* Placement_Net.cpp */,
				6541FE2B203001F40094D8EE /* Placement_Net.hpp */,
				6541FE2F203001F40094D8EE /* easygl_constants.h */,
				6541FE2D203001F40094D8EE /* graphics.cpp */,
				6541FE2E203001F40094D8EE /* graphics.h */,
			);
			path = 583A2;
			sourceTree = "<group>";
		};
/* End PBXGroup section */

/* Begin PBXNativeTarget section */
		6541FE20203001AF0094D8EE /* 583A2 */ = {
			isa = PBXNativeTarget;
			buildConfigurationList = 6541FE28203001AF0094D8EE /* Build configuration list for PBXNativeTarget "583A2" */;
			buildPhases = (
				6541FE1D203001AF0094D8EE /* Sources */,
				6541FE1E203001AF0094D8EE /* Frameworks */,
				6541FE1F203001AF0094D8EE /* CopyFiles */,
			);
			buildRules = (
			);
			dependencies = (
			);
			name = 583A2;
			productName = 583A2;
			productReference = 6541FE21203001AF0094D8EE /* 583A2 */;
			productType = "com.apple.product-type.tool";
		};
/* End PBXNativeTarget section */

/* Begin PBXProject section */
		6541FE19203001AF0094D8EE /* Project object */ = {
			isa = PBXProject;
			attributes = {
				LastUpgradeCheck = 0920;
				ORGANIZATIONNAME = "Peixu Ren";
				TargetAttributes = {
					6541FE20203001AF0094D8EE = {
						CreatedOnToolsVersion = 9.2;
						ProvisioningStyle = Automatic;
					};
				};
			};
			buildConfigurationList = 6541FE1C203001AF0094D8EE /* Build configuration list for PBXProject "583A2" */;
			compatibilityVersion = "Xcode 8.0";
			developmentRegion = en;
			hasScannedForEncodings = 0;
			knownRegions = (
				en,
			);
			mainGroup = 6541FE18203001AF0094D8EE;
			productRefGroup = 6541FE22203001AF0094D8EE /* Products */;
			projectDirPath = "";
			projectRoot = "";
			targets = (
				6541FE20203001AF0094D8EE /* 583A2 */,
			);
		};
/* End PBXProject section */

/* Begin PBXSourcesBuildPhase section */
		6541FE1D203001AF0094D8EE /* Sources */ = {
			isa = PBXSourcesBuildPhase;
			buildActionMask = 2147483647;
			files = (
				6541FE37203001F50094D8EE /* Net.cpp in Sources */,
				6541FE36203001F50094D8EE /* graphics.cpp in Sources */,
				6541FE39203001F50094D8EE /* 583A2.cpp in Sources */,
				6541FE35203001F50094D8EE /* Placement_Net.cpp in Sources */,
				6541FE38203001F50094D8EE /* Grids.cpp in Sources */,
			);
			runOnlyForDeploymentPostprocessing = 0;
		};
/* End PBXSourcesBuildPhase section */

/* Begin XCBuildConfiguration section */
		6541FE26203001AF0094D8EE /* Debug */ = {
			isa = XCBuildConfiguration;
			buildSettings = {
				ALWAYS_SEARCH_USER_PATHS = NO;
				CLANG_ANALYZER_NONNULL = YES;
				CLANG_ANALYZER_NUMBER_OBJECT_CONVERSION = YES_AGGRESSIVE;
				CLANG_CXX_LANGUAGE_STANDARD = "gnu++14";
				CLANG_CXX_LIBRARY = "libc++";
				CLANG_ENABLE_MODULES = YES;
				CLANG_ENABLE_OBJC_ARC = YES;
				CLANG_WARN_BLOCK_CAPTURE_AUTORELEASING = YES;
				CLANG_WARN_BOOL_CONVERSION = YES;
				CLANG_WARN_COMMA = YES;
				CLANG_WARN_CONSTANT_CONVERSION = YES;
				CLANG_WARN_DIRECT_OBJC_ISA_USAGE = YES_ERROR;
				CLANG_WARN_DOCUMENTATION_COMMENTS = YES;
				CLANG_WARN_EMPTY_BODY = YES;
				CLANG_WARN_ENUM_CONVERSION = YES;
				CLANG_WARN_INFINITE_RECURSION = YES;
				CLANG_WARN_INT_CONVERSION = YES;
				CLANG_WARN_NON_LITERAL_NULL_CONVERSION = YES;
				CLANG_WARN_OBJC_LITERAL_CONVERSION = YES;
				CLANG_WARN_OBJC_ROOT_CLASS = YES_ERROR;
				CLANG_WARN_RANGE_LOOP_ANALYSIS = YES;
				CLANG_WARN_STRICT_PROTOTYPES = YES;
				CLANG_WARN_SUSPICIOUS_MOVE = YES;
				CLANG_WARN_UNGUARDED_AVAILABILITY = YES_AGGRESSIVE;
				CLANG_WARN_UNREACHABLE_CODE = YES;
				CLANG_WARN__DUPLICATE_METHOD_MATCH = YES;
				CODE_SIGN_IDENTITY = "-";
				COPY_PHASE_STRIP = NO;
				DEBUG_INFORMATION_FORMAT = dwarf;
				ENABLE_STRICT_OBJC_MSGSEND = YES;
				ENABLE_TESTABILITY = YES;
				GCC_C_LANGUAGE_STANDARD = gnu11;
				GCC_DYNAMIC_NO_PIC = NO;
				GCC_NO_COMMON_BLOCKS = YES;
				GCC_OPTIMIZATION_LEVEL = 0;
				GCC_PREPROCESSOR_DEFINITIONS = (
					"DEBUG=1",
					"$(inherited)",
				);
				GCC_WARN_64_TO_32_BIT_CONVERSION = YES;
				GCC_WARN_ABOUT_RETURN_TYPE = YES_ERROR;
				GCC_WARN_UNDECLARED_SELECTOR = YES;
				GCC_WARN_UNINITIALIZED_AUTOS = YES_AGGRESSIVE;
				GCC_WARN_UNUSED_FUNCTION = YES;
				GCC_WARN_UNUSED_VARIABLE = YES;
				MACOSX_DEPLOYMENT_TARGET = 10.13;
				MTL_ENABLE_DEBUG_INFO = YES;
				ONLY_ACTIVE_ARCH = YES;
				SDKROOT = macosx;
			};
			name = Debug;
		};
		6541FE27203001AF0094D8EE /* Release */ = {
			isa = XCBuildConfiguration;
			buildSettings = {
				ALWAYS_SEARCH_USER_PATHS = NO;
				CLANG_ANALYZER_NONNULL = YES;
				CLANG_ANALYZER_NUMBER_OBJECT_CONVERSION = YES_AGGRESSIVE;
				CLANG_CXX_LANGUAGE_STANDARD = "gnu++14";
				CLANG_CXX_LIBRARY = "libc++";
				CLANG_ENABLE_MODULES = YES;
				CLANG_ENABLE_OBJC_ARC = YES;
				CLANG_WARN_BLOCK_CAPTURE_AUTORELEASING = YES;
				CLANG_WARN_BOOL_CONVERSION = YES;
				CLANG_WARN_COMMA = YES;
				CLANG_WARN_CONSTANT_CONVERSION = YES;
				CLANG_WARN_DIRECT_OBJC_ISA_USAGE = YES_ERROR;
				CLANG_WARN_DOCUMENTATION_COMMENTS = YES;
				CLANG_WARN_EMPTY_BODY = YES;
				CLANG_WARN_ENUM_CONVERSION = YES;
				CLANG_WARN_INFINITE_RECURSION = YES;
				CLANG_WARN_INT_CONVERSION = YES;
				CLANG_WARN_NON_LITERAL_NULL_CONVERSION = YES;
				CLANG_WARN_OBJC_LITERAL_CONVERSION = YES;
				CLANG_WARN_OBJC_ROOT_CLASS = YES_ERROR;
				CLANG_WARN_RANGE_LOOP_ANALYSIS = YES;
				CLANG_WARN_STRICT_PROTOTYPES = YES;
				CLANG_WARN_SUSPICIOUS_MOVE = YES;
				CLANG_WARN_UNGUARDED_AVAILABILITY = YES_AGGRESSIVE;
				CLANG_WARN_UNREACHABLE_CODE = YES;
				CLANG_WARN__DUPLICATE_METHOD_MATCH = YES;
				CODE_SIGN_IDENTITY = "-";
				COPY_PHASE_STRIP = NO;
				DEBUG_INFORMATION_FORMAT = "dwarf-with-dsym";
				ENABLE_NS_ASSERTIONS = NO;
				ENABLE_STRICT_OBJC_MSGSEND = YES;
				GCC_C_LANGUAGE_STANDARD = gnu11;
				GCC_NO_COMMON_BLOCKS = YES;
				GCC_WARN_64_TO_32_BIT_CONVERSION = YES;
				GCC_WARN_ABOUT_RETURN_TYPE = YES_ERROR;
				GCC_WARN_UNDECLARED_SELECTOR = YES;
				GCC_WARN_UNINITIALIZED_AUTOS = YES_AGGRESSIVE;
				GCC_WARN_UNUSED_FUNCTION = YES;
				GCC_WARN_UNUSED_VARIABLE = YES;
				MACOSX_DEPLOYMENT_TARGET = 10.13;
				MTL_ENABLE_DEBUG_INFO = NO;
				SDKROOT = macosx;
			};
			name = Release;
		};
		6541FE29203001AF0094D8EE /* Debug */ = {
			isa = XCBuildConfiguration;
			buildSettings = {
				CODE_SIGN_STYLE = Automatic;
				"HEADER_SEARCH_PATHS[arch=*]" = /opt/X11/include;
				"OTHER_LDFLAGS[arch=*]" = (
					"-g",
					"-Wall",
					"-DX11",
					"-I/opt/X11/include",
					"-L/opt/X11/lib",
					"-lX11",
				);
				PRODUCT_NAME = "$(TARGET_NAME)";
			};
			name = Debug;
		};
		6541FE2A203001AF0094D8EE /* Release */ = {
			isa = XCBuildConfiguration;
			buildSettings = {
				CODE_SIGN_STYLE = Automatic;
				"HEADER_SEARCH_PATHS[arch=*]" = /opt/X11/include;
				"OTHER_LDFLAGS[arch=*]" = (
					"-g",
					"-Wall",
					"-DX11",
					"-I/opt/X11/include",
					"-L/opt/X11/lib",
					"-lX11",
				);
				PRODUCT_NAME = "$(TARGET_NAME)";
			};
			name = Release;
		};
/* End XCBuildConfiguration section */

/* Begin XCConfigurationList section */
		6541FE1C203001AF0094D8EE /* Build configuration list for PBXProject "583A2" */ = {
			isa = XCConfigurationList;
			buildConfigurations = (
				6541FE26203001AF0094D8EE /* Debug */,
				6541FE27203001AF0094D8EE /* Release */,
			);
			defaultConfigurationIsVisible = 0;
			defaultConfigurationName = Release;
		};
		6541FE28203001AF0094D8EE /* Build configuration list for PBXNativeTarget "583A2" */ = {
			isa = XCConfigurationList;
			buildConfigurations = (
				6541FE29203001AF0094D8EE /* Debug */,
				6541FE2A203001AF0094D8EE /* Release */,
			);
			defaultConfigurationIsVisible = 0;
			defaultConfigurationName = Release;
		};
/* End XCConfigurationList section */
	};
	rootObject = 6541FE19203001AF0094D8EE /* Project object */;
}
